{
  "name": "nodejs",
  "version": "1.0.0",
  "lockfileVersion": 2,
  "requires": true,
  "packages": {
    "": {
      "name": "nodejs",
      "version": "1.0.0",
      "license": "ISC",
      "dependencies": {
        "@types/node": "^18.0.6",
        "node-fetch": "^3.2.6"
      },
      "devDependencies": {
        "piano-keyboard": "^2.1.4"
      }
    },
    "node_modules/@types/node": {
      "version": "18.0.6",
      "resolved": "https://registry.npmjs.org/@types/node/-/node-18.0.6.tgz",
      "integrity": "sha512-/xUq6H2aQm261exT6iZTMifUySEt4GR5KX8eYyY+C4MSNPqSh9oNIP7tz2GLKTlFaiBbgZNxffoR3CVRG+cljw=="
    },
    "node_modules/audio-context": {
      "version": "0.1.0",
      "resolved": "https://registry.npmjs.org/audio-context/-/audio-context-0.1.0.tgz",
      "integrity": "sha512-PkXXfY2f96sZf/w8JWCQZn4hHgRK3lqXNRgIPO9JgdwLOyOecH7PAuYFjWdUEDbJ7BuXudTf0WJek7A+XAFyAA==",
      "deprecated": "Depends on Web-Audio-API implementation. Use either web-audio-api, web-audio-js or web-audio-engine package.",
      "dev": true,
      "dependencies": {
        "global": "~4.2.1"
      }
    },
    "node_modules/data-uri-to-buffer": {
      "version": "4.0.0",
      "resolved": "https://registry.npmjs.org/data-uri-to-buffer/-/data-uri-to-buffer-4.0.0.tgz",
      "integrity": "sha512-Vr3mLBA8qWmcuschSLAOogKgQ/Jwxulv3RNE4FXnYWRGujzrRWQI4m12fQqRkwX06C0KanhLr4hK+GydchZsaA==",
      "engines": {
        "node": ">= 12"
      }
    },
    "node_modules/dom-walk": {
      "version": "0.1.2",
      "resolved": "https://registry.npmjs.org/dom-walk/-/dom-walk-0.1.2.tgz",
      "integrity": "sha512-6QvTW9mrGeIegrFXdtQi9pk7O/nSK6lSdXW2eqUspN5LWD7UTji2Fqw5V2YLjBpHEoU9Xl/eUWNpDeZvoyOv2w==",
      "dev": true
    },
    "node_modules/domify": {
      "version": "1.4.2",
      "resolved": "https://registry.npmjs.org/domify/-/domify-1.4.2.tgz",
      "integrity": "sha512-m4yreHcUWHBncGVV7U+yQzc12vIlq0jMrtHZ5mW6dQMiL/7skSYNVX9wqKwOtyO9SGCgevrAFEgOCAHmamHTUA==",
      "dev": true,
      "funding": {
        "url": "https://github.com/sponsors/sindresorhus"
      }
    },
    "node_modules/emmy": {
      "version": "5.4.0",
      "resolved": "https://registry.npmjs.org/emmy/-/emmy-5.4.0.tgz",
      "integrity": "sha512-hj19h40M758i+uIS3k6FX2nmJdxdMJhaxNfuM+DtKR9jKDnAU3f0IWkO80a3Olcw60gXTeVx7uXqGzU4yJkDEQ==",
      "dev": true,
      "dependencies": {
        "icicle": ">=0.1.1",
        "is-browser": "^2.0.1",
        "is-function": "^1.0.1",
        "is-plain-obj": "^1.1.0",
        "is-string": "^1.0.4",
        "key-name": ">=1.1.1",
        "sliced": ">=0.0.5"
      }
    },
    "node_modules/fetch-blob": {
      "version": "3.1.5",
      "resolved": "https://registry.npmjs.org/fetch-blob/-/fetch-blob-3.1.5.tgz",
      "integrity": "sha512-N64ZpKqoLejlrwkIAnb9iLSA3Vx/kjgzpcDhygcqJ2KKjky8nCgUQ+dzXtbrLaWZGZNmNfQTsiQ0weZ1svglHg==",
      "funding": [
        {
          "type": "github",
          "url": "https://github.com/sponsors/jimmywarting"
        },
        {
          "type": "paypal",
          "url": "https://paypal.me/jimmywarting"
        }
      ],
      "dependencies": {
        "node-domexception": "^1.0.0",
        "web-streams-polyfill": "^3.0.3"
      },
      "engines": {
        "node": "^12.20 || >= 14.13"
      }
    },
    "node_modules/formdata-polyfill": {
      "version": "4.0.10",
      "resolved": "https://registry.npmjs.org/formdata-polyfill/-/formdata-polyfill-4.0.10.tgz",
      "integrity": "sha512-buewHzMvYL29jdeQTVILecSaZKnt/RJWjoZCF5OW60Z67/GmSLBkOFM7qh1PI3zFNtJbaZL5eQu1vLfazOwj4g==",
      "dependencies": {
        "fetch-blob": "^3.1.2"
      },
      "engines": {
        "node": ">=12.20.0"
      }
    },
    "node_modules/get-client-xy": {
      "version": "1.2.0",
      "resolved": "https://registry.npmjs.org/get-client-xy/-/get-client-xy-1.2.0.tgz",
      "integrity": "sha512-6g4Yk9r3ND+oua5Gm9V+vzD+iRrjn7ElUAe1wAr8sarTqnDoG+Qa4aRHNVYOS5NchGLom8mffrXRsP9Xqlv27w==",
      "dev": true
    },
    "node_modules/get-uid": {
      "version": "1.0.1",
      "resolved": "https://registry.npmjs.org/get-uid/-/get-uid-1.0.1.tgz",
      "integrity": "sha512-LU/+svJFuZBBwUt28+SR1LSI0e4NiCnNBIkYlgviiL5pDv2Y/qDQE9jB6/c/VA39RBQa/AGJLQ3xia2Dh7DvNA==",
      "dev": true
    },
    "node_modules/global": {
      "version": "4.2.1",
      "resolved": "https://registry.npmjs.org/global/-/global-4.2.1.tgz",
      "integrity": "sha512-z0c5wOXm1QKf+carsplKebLIGjpzWaq1RcjTRZRw/aD5FojM3vgWYp+/S8IdBgOYtds5T+RIuCXH2Z1GciU3BA==",
      "dev": true,
      "dependencies": {
        "min-document": "^2.6.1",
        "process": "~0.5.1"
      }
    },
    "node_modules/has-symbols": {
      "version": "1.0.3",
      "resolved": "https://registry.npmjs.org/has-symbols/-/has-symbols-1.0.3.tgz",
      "integrity": "sha512-l3LCuF6MgDNwTDKkdYGEihYjt5pRPbEg46rtlmnSPlUbgmB8LOIrKJbYYFBSbnPaJexMKtiPO8hmeRjRz2Td+A==",
      "dev": true,
      "engines": {
        "node": ">= 0.4"
      },
      "funding": {
        "url": "https://github.com/sponsors/ljharb"
      }
    },
    "node_modules/has-tostringtag": {
      "version": "1.0.0",
      "resolved": "https://registry.npmjs.org/has-tostringtag/-/has-tostringtag-1.0.0.tgz",
      "integrity": "sha512-kFjcSNhnlGV1kyoGk7OXKSawH5JOb/LzUc5w9B02hOTO0dfFRjbHQKvg1d6cf3HbeUmtU9VbbV3qzZ2Teh97WQ==",
      "dev": true,
      "dependencies": {
        "has-symbols": "^1.0.2"
      },
      "engines": {
        "node": ">= 0.4"
      },
      "funding": {
        "url": "https://github.com/sponsors/ljharb"
      }
    },
    "node_modules/icicle": {
      "version": "0.1.3",
      "resolved": "https://registry.npmjs.org/icicle/-/icicle-0.1.3.tgz",
      "integrity": "sha512-TnypITKI14E0UAQMkFV8CXSSf5NdQOjPnNM9zXpz0fz7jywGVBfR7grJRP0WHNgPl72BMKaiJu0OahJIdO95pw==",
      "dev": true
    },
    "node_modules/is-browser": {
      "version": "2.1.0",
      "resolved": "https://registry.npmjs.org/is-browser/-/is-browser-2.1.0.tgz",
      "integrity": "sha512-F5rTJxDQ2sW81fcfOR1GnCXT6sVJC104fCyfj+mjpwNEwaPYSn5fte5jiHmBg3DHsIoL/l8Kvw5VN5SsTRcRFQ==",
      "dev": true
    },
    "node_modules/is-function": {
      "version": "1.0.2",
      "resolved": "https://registry.npmjs.org/is-function/-/is-function-1.0.2.tgz",
      "integrity": "sha512-lw7DUp0aWXYg+CBCN+JKkcE0Q2RayZnSvnZBlwgxHBQhqt5pZNVy4Ri7H9GmmXkdu7LUthszM+Tor1u/2iBcpQ==",
      "dev": true
    },
    "node_modules/is-plain-obj": {
      "version": "1.1.0",
      "resolved": "https://registry.npmjs.org/is-plain-obj/-/is-plain-obj-1.1.0.tgz",
      "integrity": "sha512-yvkRyxmFKEOQ4pNXCmJG5AEQNlXJS5LaONXo5/cLdTZdWvsZ1ioJEonLGAosKlMWE8lwUy/bJzMjcw8az73+Fg==",
      "dev": true,
      "engines": {
        "node": ">=0.10.0"
      }
    },
    "node_modules/is-string": {
      "version": "1.0.7",
      "resolved": "https://registry.npmjs.org/is-string/-/is-string-1.0.7.tgz",
      "integrity": "sha512-tE2UXzivje6ofPW7l23cjDOMa09gb7xlAqG6jG5ej6uPV32TlWP3NKPigtaGeHNu9fohccRYvIiZMfOOnOYUtg==",
      "dev": true,
      "dependencies": {
        "has-tostringtag": "^1.0.0"
      },
      "engines": {
        "node": ">= 0.4"
      },
      "funding": {
        "url": "https://github.com/sponsors/ljharb"
      }
    },
    "node_modules/key-name": {
      "version": "1.1.3",
      "resolved": "https://registry.npmjs.org/key-name/-/key-name-1.1.3.tgz",
      "integrity": "sha512-KMigaTNm9aLEYMI89QNIPRIyCMiTqHwWytozGblZqx0sQe+UgqtX9mjflX5IXZmVat1I/9xE6fpz0e+fVSCL5g==",
      "dev": true
    },
    "node_modules/min-document": {
      "version": "2.19.0",
      "resolved": "https://registry.npmjs.org/min-document/-/min-document-2.19.0.tgz",
      "integrity": "sha512-9Wy1B3m3f66bPPmU5hdA4DR4PB2OfDU/+GS3yAB7IQozE3tqXaVv2zOjgla7MEGSRv95+ILmOuvhLkOK6wJtCQ==",
      "dev": true,
      "dependencies": {
        "dom-walk": "^0.1.0"
      }
    },
    "node_modules/mucss": {
      "version": "1.1.5",
      "resolved": "https://registry.npmjs.org/mucss/-/mucss-1.1.5.tgz",
      "integrity": "sha512-rB2Dvdp116N3SwYIM9/q1lNA+3NK8f48j9Oo19v5DonggWXbd3Se39NW4wQctgLNm1/LRPbTJWv6ixOmMfqJzw==",
      "deprecated": "Folks this is only a collection of snippets - just look at source and copy-paste to your project needed parts.",
      "dev": true
    },
    "node_modules/mumath": {
      "version": "1.0.2",
      "resolved": "https://registry.npmjs.org/mumath/-/mumath-1.0.2.tgz",
      "integrity": "sha512-tpA3ocfXWc6WjTtfLcDvGWuORXOgwqxGfYa9OGPFSCc0KwNelXR+XX5HD/oMvSguP+IZWJCWBlGMvhfl7IDy9Q==",
      "deprecated": "Redundant dependency in your project.",
      "dev": true
    },
    "node_modules/mutype": {
      "version": "0.3.9",
      "resolved": "https://registry.npmjs.org/mutype/-/mutype-0.3.9.tgz",
      "integrity": "sha512-xT72r2GVIzWJF1zT8Oa9GlL1+QYmo0pfZwxT1hmsBWljP1D5I8t2NeLD+3QKM7uYhrMVxGF76MLfOSp3Vn3F8g==",
      "dev": true
    },
    "node_modules/node-domexception": {
      "version": "1.0.0",
      "resolved": "https://registry.npmjs.org/node-domexception/-/node-domexception-1.0.0.tgz",
      "integrity": "sha512-/jKZoMpw0F8GRwl4/eLROPA3cfcXtLApP0QzLmUT/HuPCZWyB7IY9ZrMeKw2O/nFIqPQB3PVM9aYm0F312AXDQ==",
      "funding": [
        {
          "type": "github",
          "url": "https://github.com/sponsors/jimmywarting"
        },
        {
          "type": "github",
          "url": "https://paypal.me/jimmywarting"
        }
      ],
      "engines": {
        "node": ">=10.5.0"
      }
    },
    "node_modules/node-fetch": {
      "version": "3.3.0",
      "resolved": "https://registry.npmjs.org/node-fetch/-/node-fetch-3.3.0.tgz",
      "integrity": "sha512-BKwRP/O0UvoMKp7GNdwPlObhYGB5DQqwhEDQlNKuoqwVYSxkSZCSbHjnFFmUEtwSKRPU4kNK8PbDYYitwaE3QA==",
      "dependencies": {
        "data-uri-to-buffer": "^4.0.0",
        "fetch-blob": "^3.1.4",
        "formdata-polyfill": "^4.0.10"
      },
      "engines": {
        "node": "^12.20.0 || ^14.13.1 || >=16.0.0"
      },
      "funding": {
        "type": "opencollective",
        "url": "https://opencollective.com/node-fetch"
      }
    },
    "node_modules/piano-key": {
      "version": "2.1.1",
      "resolved": "https://registry.npmjs.org/piano-key/-/piano-key-2.1.1.tgz",
      "integrity": "sha512-0In3rIJ5sDMSYfWhedbryZlz9gaBV8jl54nKbphM91m0SGkj5PdQVQd/LJmmcZ/MCftVWPzSUEqS2YCzkL1QUA==",
      "dev": true,
      "dependencies": {
        "mumath": "^1.0.2"
      }
    },
    "node_modules/piano-keyboard": {
      "version": "2.1.4",
      "resolved": "https://registry.npmjs.org/piano-keyboard/-/piano-keyboard-2.1.4.tgz",
      "integrity": "sha512-hwk4vwRfKzaSr1/wBLG/zAI7UTH7Hm1nDuGPXpn/nL5adGarfDYibzNI4AoFqpLs1B9skUhOT0L7OYtW1xEW1Q==",
      "dev": true,
      "dependencies": {
        "audio-context": "^0.1.0",
        "domify": "^1.3.3",
        "emmy": "^5.3.2",
        "get-client-xy": "^1.0.5",
        "get-uid": "^1.0.1",
        "mucss": "^1.0.2",
        "mumath": "^1.0.2",
        "mutype": "^0.3.9",
        "piano-key": "^2.0.1",
        "sliced": "0.0.5",
        "xtend": "^4.0.0"
      }
    },
    "node_modules/process": {
      "version": "0.5.2",
      "resolved": "https://registry.npmjs.org/process/-/process-0.5.2.tgz",
      "integrity": "sha512-oNpcutj+nYX2FjdEW7PGltWhXulAnFlM0My/k48L90hARCOJtvBbQXc/6itV2jDvU5xAAtonP+r6wmQgCcbAUA==",
      "dev": true,
      "engines": {
        "node": ">= 0.6.0"
      }
    },
    "node_modules/sliced": {
      "version": "0.0.5",
      "resolved": "https://registry.npmjs.org/sliced/-/sliced-0.0.5.tgz",
      "integrity": "sha512-9bYT917D6H3+q8GlQBJmLVz3bc4OeVGfZ2BB12wvLnluTGfG6/8UdOUbKJDW1EEx9SZMDbjnatkau5/XcUeyOw==",
      "dev": true
    },
    "node_modules/web-streams-polyfill": {
      "version": "3.2.1",
      "resolved": "https://registry.npmjs.org/web-streams-polyfill/-/web-streams-polyfill-3.2.1.tgz",
      "integrity": "sha512-e0MO3wdXWKrLbL0DgGnUV7WHVuw9OUvL4hjgnPkIeEvESk74gAITi5G606JtZPp39cd8HA9VQzCIvA49LpPN5Q==",
      "engines": {
        "node": ">= 8"
      }
    },
    "node_modules/xtend": {
      "version": "4.0.2",
      "resolved": "https://registry.npmjs.org/xtend/-/xtend-4.0.2.tgz",
      "integrity": "sha512-LKYU1iAXJXUgAXn9URjiu+MWhyUXHsvfp7mcuYm9dSUKK0/CjtrUwFAxD82/mCWbtLsGjFIad0wIsod4zrTAEQ==",
      "dev": true,
      "engines": {
        "node": ">=0.4"
      }
    }
  },
  "dependencies": {
    "@types/node": {
      "version": "18.0.6",
      "resolved": "https://registry.npmjs.org/@types/node/-/node-18.0.6.tgz",
      "integrity": "sha512-/xUq6H2aQm261exT6iZTMifUySEt4GR5KX8eYyY+C4MSNPqSh9oNIP7tz2GLKTlFaiBbgZNxffoR3CVRG+cljw=="
    },
    "audio-context": {
      "version": "0.1.0",
      "resolved": "https://registry.npmjs.org/audio-context/-/audio-context-0.1.0.tgz",
      "integrity": "sha512-PkXXfY2f96sZf/w8JWCQZn4hHgRK3lqXNRgIPO9JgdwLOyOecH7PAuYFjWdUEDbJ7BuXudTf0WJek7A+XAFyAA==",
      "dev": true,
      "requires": {
        "global": "~4.2.1"
      }
    },
    "data-uri-to-buffer": {
      "version": "4.0.0",
      "resolved": "https://registry.npmjs.org/data-uri-to-buffer/-/data-uri-to-buffer-4.0.0.tgz",
      "integrity": "sha512-Vr3mLBA8qWmcuschSLAOogKgQ/Jwxulv3RNE4FXnYWRGujzrRWQI4m12fQqRkwX06C0KanhLr4hK+GydchZsaA=="
    },
    "dom-walk": {
      "version": "0.1.2",
      "resolved": "https://registry.npmjs.org/dom-walk/-/dom-walk-0.1.2.tgz",
      "integrity": "sha512-6QvTW9mrGeIegrFXdtQi9pk7O/nSK6lSdXW2eqUspN5LWD7UTji2Fqw5V2YLjBpHEoU9Xl/eUWNpDeZvoyOv2w==",
      "dev": true
    },
    "domify": {
      "version": "1.4.2",
      "resolved": "https://registry.npmjs.org/domify/-/domify-1.4.2.tgz",
      "integrity": "sha512-m4yreHcUWHBncGVV7U+yQzc12vIlq0jMrtHZ5mW6dQMiL/7skSYNVX9wqKwOtyO9SGCgevrAFEgOCAHmamHTUA==",
      "dev": true
    },
    "emmy": {
      "version": "5.4.0",
      "resolved": "https://registry.npmjs.org/emmy/-/emmy-5.4.0.tgz",
      "integrity": "sha512-hj19h40M758i+uIS3k6FX2nmJdxdMJhaxNfuM+DtKR9jKDnAU3f0IWkO80a3Olcw60gXTeVx7uXqGzU4yJkDEQ==",
      "dev": true,
      "requires": {
        "icicle": ">=0.1.1",
        "is-browser": "^2.0.1",
        "is-function": "^1.0.1",
        "is-plain-obj": "^1.1.0",
        "is-string": "^1.0.4",
        "key-name": ">=1.1.1",
        "sliced": ">=0.0.5"
      }
    },
    "fetch-blob": {
      "version": "3.1.5",
      "resolved": "https://registry.npmjs.org/fetch-blob/-/fetch-blob-3.1.5.tgz",
      "integrity": "sha512-N64ZpKqoLejlrwkIAnb9iLSA3Vx/kjgzpcDhygcqJ2KKjky8nCgUQ+dzXtbrLaWZGZNmNfQTsiQ0weZ1svglHg==",
      "requires": {
        "node-domexception": "^1.0.0",
        "web-streams-polyfill": "^3.0.3"
      }
    },
    "formdata-polyfill": {
      "version": "4.0.10",
      "resolved": "https://registry.npmjs.org/formdata-polyfill/-/formdata-polyfill-4.0.10.tgz",
      "integrity": "sha512-buewHzMvYL29jdeQTVILecSaZKnt/RJWjoZCF5OW60Z67/GmSLBkOFM7qh1PI3zFNtJbaZL5eQu1vLfazOwj4g==",
      "requires": {
        "fetch-blob": "^3.1.2"
      }
    },
    "get-client-xy": {
      "version": "1.2.0",
      "resolved": "https://registry.npmjs.org/get-client-xy/-/get-client-xy-1.2.0.tgz",
      "integrity": "sha512-6g4Yk9r3ND+oua5Gm9V+vzD+iRrjn7ElUAe1wAr8sarTqnDoG+Qa4aRHNVYOS5NchGLom8mffrXRsP9Xqlv27w==",
      "dev": true
    },
    "get-uid": {
      "version": "1.0.1",
      "resolved": "https://registry.npmjs.org/get-uid/-/get-uid-1.0.1.tgz",
      "integrity": "sha512-LU/+svJFuZBBwUt28+SR1LSI0e4NiCnNBIkYlgviiL5pDv2Y/qDQE9jB6/c/VA39RBQa/AGJLQ3xia2Dh7DvNA==",
      "dev": true
    },
    "global": {
      "version": "4.2.1",
      "resolved": "https://registry.npmjs.org/global/-/global-4.2.1.tgz",
      "integrity": "sha512-z0c5wOXm1QKf+carsplKebLIGjpzWaq1RcjTRZRw/aD5FojM3vgWYp+/S8IdBgOYtds5T+RIuCXH2Z1GciU3BA==",
      "dev": true,
      "requires": {
        "min-document": "^2.6.1",
        "process": "~0.5.1"
      }
    },
    "has-symbols": {
      "version": "1.0.3",
      "resolved": "https://registry.npmjs.org/has-symbols/-/has-symbols-1.0.3.tgz",
      "integrity": "sha512-l3LCuF6MgDNwTDKkdYGEihYjt5pRPbEg46rtlmnSPlUbgmB8LOIrKJbYYFBSbnPaJexMKtiPO8hmeRjRz2Td+A==",
      "dev": true
    },
    "has-tostringtag": {
      "version": "1.0.0",
      "resolved": "https://registry.npmjs.org/has-tostringtag/-/has-tostringtag-1.0.0.tgz",
      "integrity": "sha512-kFjcSNhnlGV1kyoGk7OXKSawH5JOb/LzUc5w9B02hOTO0dfFRjbHQKvg1d6cf3HbeUmtU9VbbV3qzZ2Teh97WQ==",
      "dev": true,
      "requires": {
        "has-symbols": "^1.0.2"
      }
    },
    "icicle": {
      "version": "0.1.3",
      "resolved": "https://registry.npmjs.org/icicle/-/icicle-0.1.3.tgz",
      "integrity": "sha512-TnypITKI14E0UAQMkFV8CXSSf5NdQOjPnNM9zXpz0fz7jywGVBfR7grJRP0WHNgPl72BMKaiJu0OahJIdO95pw==",
      "dev": true
    },
    "is-browser": {
      "version": "2.1.0",
      "resolved": "https://registry.npmjs.org/is-browser/-/is-browser-2.1.0.tgz",
      "integrity": "sha512-F5rTJxDQ2sW81fcfOR1GnCXT6sVJC104fCyfj+mjpwNEwaPYSn5fte5jiHmBg3DHsIoL/l8Kvw5VN5SsTRcRFQ==",
      "dev": true
    },
    "is-function": {
      "version": "1.0.2",
      "resolved": "https://registry.npmjs.org/is-function/-/is-function-1.0.2.tgz",
      "integrity": "sha512-lw7DUp0aWXYg+CBCN+JKkcE0Q2RayZnSvnZBlwgxHBQhqt5pZNVy4Ri7H9GmmXkdu7LUthszM+Tor1u/2iBcpQ==",
      "dev": true
    },
    "is-plain-obj": {
      "version": "1.1.0",
      "resolved": "https://registry.npmjs.org/is-plain-obj/-/is-plain-obj-1.1.0.tgz",
      "integrity": "sha512-yvkRyxmFKEOQ4pNXCmJG5AEQNlXJS5LaONXo5/cLdTZdWvsZ1ioJEonLGAosKlMWE8lwUy/bJzMjcw8az73+Fg==",
      "dev": true
    },
    "is-string": {
      "version": "1.0.7",
      "resolved": "https://registry.npmjs.org/is-string/-/is-string-1.0.7.tgz",
      "integrity": "sha512-tE2UXzivje6ofPW7l23cjDOMa09gb7xlAqG6jG5ej6uPV32TlWP3NKPigtaGeHNu9fohccRYvIiZMfOOnOYUtg==",
      "dev": true,
      "requires": {
        "has-tostringtag": "^1.0.0"
      }
    },
    "key-name": {
      "version": "1.1.3",
      "resolved": "https://registry.npmjs.org/key-name/-/key-name-1.1.3.tgz",
      "integrity": "sha512-KMigaTNm9aLEYMI89QNIPRIyCMiTqHwWytozGblZqx0sQe+UgqtX9mjflX5IXZmVat1I/9xE6fpz0e+fVSCL5g==",
      "dev": true
    },
    "min-document": {
      "version": "2.19.0",
      "resolved": "https://registry.npmjs.org/min-document/-/min-document-2.19.0.tgz",
      "integrity": "sha512-9Wy1B3m3f66bPPmU5hdA4DR4PB2OfDU/+GS3yAB7IQozE3tqXaVv2zOjgla7MEGSRv95+ILmOuvhLkOK6wJtCQ==",
      "dev": true,
      "requires": {
        "dom-walk": "^0.1.0"
      }
    },
    "mucss": {
      "version": "1.1.5",
      "resolved": "https://registry.npmjs.org/mucss/-/mucss-1.1.5.tgz",
      "integrity": "sha512-rB2Dvdp116N3SwYIM9/q1lNA+3NK8f48j9Oo19v5DonggWXbd3Se39NW4wQctgLNm1/LRPbTJWv6ixOmMfqJzw==",
      "dev": true
    },
    "mumath": {
      "version": "1.0.2",
      "resolved": "https://registry.npmjs.org/mumath/-/mumath-1.0.2.tgz",
      "integrity": "sha512-tpA3ocfXWc6WjTtfLcDvGWuORXOgwqxGfYa9OGPFSCc0KwNelXR+XX5HD/oMvSguP+IZWJCWBlGMvhfl7IDy9Q==",
      "dev": true
    },
    "mutype": {
      "version": "0.3.9",
      "resolved": "https://registry.npmjs.org/mutype/-/mutype-0.3.9.tgz",
      "integrity": "sha512-xT72r2GVIzWJF1zT8Oa9GlL1+QYmo0pfZwxT1hmsBWljP1D5I8t2NeLD+3QKM7uYhrMVxGF76MLfOSp3Vn3F8g==",
      "dev": true
    },
    "node-domexception": {
      "version": "1.0.0",
      "resolved": "https://registry.npmjs.org/node-domexception/-/node-domexception-1.0.0.tgz",
      "integrity": "sha512-/jKZoMpw0F8GRwl4/eLROPA3cfcXtLApP0QzLmUT/HuPCZWyB7IY9ZrMeKw2O/nFIqPQB3PVM9aYm0F312AXDQ=="
    },
    "node-fetch": {
      "version": "3.3.0",
      "resolved": "https://registry.npmjs.org/node-fetch/-/node-fetch-3.3.0.tgz",
      "integrity": "sha512-BKwRP/O0UvoMKp7GNdwPlObhYGB5DQqwhEDQlNKuoqwVYSxkSZCSbHjnFFmUEtwSKRPU4kNK8PbDYYitwaE3QA==",
      "requires": {
        "data-uri-to-buffer": "^4.0.0",
        "fetch-blob": "^3.1.4",
        "formdata-polyfill": "^4.0.10"
      }
    },
    "piano-key": {
      "version": "2.1.1",
      "resolved": "https://registry.npmjs.org/piano-key/-/piano-key-2.1.1.tgz",
      "integrity": "sha512-0In3rIJ5sDMSYfWhedbryZlz9gaBV8jl54nKbphM91m0SGkj5PdQVQd/LJmmcZ/MCftVWPzSUEqS2YCzkL1QUA==",
      "dev": true,
      "requires": {
        "mumath": "^1.0.2"
      }
    },
    "piano-keyboard": {
      "version": "2.1.4",
      "resolved": "https://registry.npmjs.org/piano-keyboard/-/piano-keyboard-2.1.4.tgz",
      "integrity": "sha512-hwk4vwRfKzaSr1/wBLG/zAI7UTH7Hm1nDuGPXpn/nL5adGarfDYibzNI4AoFqpLs1B9skUhOT0L7OYtW1xEW1Q==",
      "dev": true,
      "requires": {
        "audio-context": "^0.1.0",
        "domify": "^1.3.3",
        "emmy": "^5.3.2",
        "get-client-xy": "^1.0.5",
        "get-uid": "^1.0.1",
        "mucss": "^1.0.2",
        "mumath": "^1.0.2",
        "mutype": "^0.3.9",
        "piano-key": "^2.0.1",
        "sliced": "0.0.5",
        "xtend": "^4.0.0"
      }
    },
    "process": {
      "version": "0.5.2",
      "resolved": "https://registry.npmjs.org/process/-/process-0.5.2.tgz",
      "integrity": "sha512-oNpcutj+nYX2FjdEW7PGltWhXulAnFlM0My/k48L90hARCOJtvBbQXc/6itV2jDvU5xAAtonP+r6wmQgCcbAUA==",
      "dev": true
    },
    "sliced": {
      "version": "0.0.5",
      "resolved": "https://registry.npmjs.org/sliced/-/sliced-0.0.5.tgz",
      "integrity": "sha512-9bYT917D6H3+q8GlQBJmLVz3bc4OeVGfZ2BB12wvLnluTGfG6/8UdOUbKJDW1EEx9SZMDbjnatkau5/XcUeyOw==",
      "dev": true
    },
    "web-streams-polyfill": {
      "version": "3.2.1",
      "resolved": "https://registry.npmjs.org/web-streams-polyfill/-/web-streams-polyfill-3.2.1.tgz",
      "integrity": "sha512-e0MO3wdXWKrLbL0DgGnUV7WHVuw9OUvL4hjgnPkIeEvESk74gAITi5G606JtZPp39cd8HA9VQzCIvA49LpPN5Q=="
    },
    "xtend": {
      "version": "4.0.2",
      "resolved": "https://registry.npmjs.org/xtend/-/xtend-4.0.2.tgz",
      "integrity": "sha512-LKYU1iAXJXUgAXn9URjiu+MWhyUXHsvfp7mcuYm9dSUKK0/CjtrUwFAxD82/mCWbtLsGjFIad0wIsod4zrTAEQ==",
      "dev": true
    }
  }
}
